
Microsoft Visual Studio Solution File, Format Version 12.00
# Visual Studio Version 16
VisualStudioVersion = 16.0.32630.194
MinimumVisualStudioVersion = 10.0.40219.1
Project("{FAE04EC0-301F-11D3-BF4B-00C04F79EFBC}") = "ADONETpractice", "ADONETpractice.csproj", "{572BD059-C50A-47C9-9FA7-EC64489A4CF5}"
EndProject
Global
	GlobalSection(SolutionConfigurationPlatforms) = preSolution
		Debug|Any CPU = Debug|Any CPU
		Release|Any CPU = Release|Any CPU
	EndGlobalSection
	GlobalSection(ProjectConfigurationPlatforms) = postSolution
		{572BD059-C50A-47C9-9FA7-EC64489A4CF5}.Debug|Any CPU.ActiveCfg = Debug|Any CPU
		{572BD059-C50A-47C9-9FA7-EC64489A4CF5}.Debug|Any CPU.Build.0 = Debug|Any CPU
		{572BD059-C50A-47C9-9FA7-EC64489A4CF5}.Release|Any CPU.ActiveCfg = Release|Any CPU
		{572BD059-C50A-47C9-9FA7-EC64489A4CF5}.Release|Any CPU.Build.0 = Release|Any CPU
	EndGlobalSection
	GlobalSection(SolutionProperties) = preSolution
		HideSolutionNode = FALSE
	EndGlobalSection
	GlobalSection(ExtensibilityGlobals) = postSolution
		SolutionGuid = {D984BBAC-9042-4029-8031-2BD62769EBBA}
	EndGlobalSection
EndGlobal
